
Microsoft Visual Studio Solution File, Format Version 12.00
# Visual Studio 15
VisualStudioVersion = 15.0.27004.2009
MinimumVisualStudioVersion = 10.0.40219.1
Project("{E24C65DC-7377-472B-9ABA-BC803B73C61A}") = "ClickFunnel4", "..\..\WebSites\ClickFunnel4\", "{DC1A9360-6BA6-4524-8EAF-50EB78C12A43}"
	ProjectSection(WebsiteProperties) = preProject
		TargetFrameworkMoniker = ".NETFramework,Version%3Dv4.5"
		Debug.AspNetCompiler.VirtualPath = "/localhost_55519"
		Debug.AspNetCompiler.PhysicalPath = "..\..\WebSites\ClickFunnel4\"
		Debug.AspNetCompiler.TargetPath = "PrecompiledWeb\localhost_55519\"
		Debug.AspNetCompiler.Updateable = "true"
		Debug.AspNetCompiler.ForceOverwrite = "true"
		Debug.AspNetCompiler.FixedNames = "false"
		Debug.AspNetCompiler.Debug = "True"
		Release.AspNetCompiler.VirtualPath = "/localhost_55519"
		Release.AspNetCompiler.PhysicalPath = "..\..\WebSites\ClickFunnel4\"
		Release.AspNetCompiler.TargetPath = "PrecompiledWeb\localhost_55519\"
		Release.AspNetCompiler.Updateable = "true"
		Release.AspNetCompiler.ForceOverwrite = "true"
		Release.AspNetCompiler.FixedNames = "false"
		Release.AspNetCompiler.Debug = "False"
		VWDPort = "55519"
		SlnRelativePath = "..\..\WebSites\ClickFunnel4\"
		DefaultWebSiteLanguage = "Visual C#"
	EndProjectSection
EndProject
Global
	GlobalSection(SolutionConfigurationPlatforms) = preSolution
		Debug|Any CPU = Debug|Any CPU
	EndGlobalSection
	GlobalSection(ProjectConfigurationPlatforms) = postSolution
		{DC1A9360-6BA6-4524-8EAF-50EB78C12A43}.Debug|Any CPU.ActiveCfg = Debug|Any CPU
		{DC1A9360-6BA6-4524-8EAF-50EB78C12A43}.Debug|Any CPU.Build.0 = Debug|Any CPU
	EndGlobalSection
	GlobalSection(SolutionProperties) = preSolution
		HideSolutionNode = FALSE
	EndGlobalSection
	GlobalSection(ExtensibilityGlobals) = postSolution
		SolutionGuid = {72FB16AF-BF63-4C72-9DAB-625B16ADCCBF}
	EndGlobalSection
EndGlobal
